// !$*UTF8*$!
{
	archiveVersion = 1;
	classes = {
	};
	objectVersion = 50;
	objects = {

/* Begin PBXBuildFile section */
		043FD445250187390013112D /* DaysStackView.swift in Sources */ = {isa = PBXBuildFile; fileRef = 043FD444250187390013112D /* DaysStackView.swift */; };
		04758C3B250A1E15004D9F55 /* SettingsVCExtensions.swift in Sources */ = {isa = PBXBuildFile; fileRef = 04758C3A250A1E15004D9F55 /* SettingsVCExtensions.swift */; };
		04758C3D250A1E58004D9F55 /* ListVCExtensions.swift in Sources */ = {isa = PBXBuildFile; fileRef = 04758C3C250A1E58004D9F55 /* ListVCExtensions.swift */; };
		047880BF2503D540005BFFDA /* HeaderOfMainTableView.swift in Sources */ = {isa = PBXBuildFile; fileRef = 047880BE2503D540005BFFDA /* HeaderOfMainTableView.swift */; };
		047880C12503DDB6005BFFDA /* Model.swift in Sources */ = {isa = PBXBuildFile; fileRef = 047880C02503DDB6005BFFDA /* Model.swift */; };
		047880C32503F2D4005BFFDA /* TimeManager.swift in Sources */ = {isa = PBXBuildFile; fileRef = 047880C22503F2D4005BFFDA /* TimeManager.swift */; };
		04D9194E24FFD21F00394494 /* AppDelegate.swift in Sources */ = {isa = PBXBuildFile; fileRef = 04D9194D24FFD21F00394494 /* AppDelegate.swift */; };
		04D9195224FFD21F00394494 /* ListViewController.swift in Sources */ = {isa = PBXBuildFile; fileRef = 04D9195124FFD21F00394494 /* ListViewController.swift */; };
		04D9195524FFD21F00394494 /* Main.storyboard in Resources */ = {isa = PBXBuildFile; fileRef = 04D9195324FFD21F00394494 /* Main.storyboard */; };
		04D9195724FFD22000394494 /* Assets.xcassets in Resources */ = {isa = PBXBuildFile; fileRef = 04D9195624FFD22000394494 /* Assets.xcassets */; };
		04D9195A24FFD22000394494 /* LaunchScreen.storyboard in Resources */ = {isa = PBXBuildFile; fileRef = 04D9195824FFD22000394494 /* LaunchScreen.storyboard */; };
		04D9196524FFD5C800394494 /* TableViewCell.swift in Sources */ = {isa = PBXBuildFile; fileRef = 04D9196424FFD5C800394494 /* TableViewCell.swift */; };
		04D9196724FFFBB700394494 /* SettingsViewController.swift in Sources */ = {isa = PBXBuildFile; fileRef = 04D9196624FFFBB700394494 /* SettingsViewController.swift */; };
		04D9196924FFFFC600394494 /* AlertController.swift in Sources */ = {isa = PBXBuildFile; fileRef = 04D9196824FFFFC600394494 /* AlertController.swift */; };
		04D9196B2500230200394494 /* SettingsTableViewCell.swift in Sources */ = {isa = PBXBuildFile; fileRef = 04D9196A2500230200394494 /* SettingsTableViewCell.swift */; };
		04F70DF225090BE100192E4F /* KeyboardObservable.swift in Sources */ = {isa = PBXBuildFile; fileRef = 04F70DF125090BE100192E4F /* KeyboardObservable.swift */; };
/* End PBXBuildFile section */

/* Begin PBXFileReference section */
		043FD444250187390013112D /* DaysStackView.swift */ = {isa = PBXFileReference; lastKnownFileType = sourcecode.swift; path = DaysStackView.swift; sourceTree = "<group>"; };
		04758C3A250A1E15004D9F55 /* SettingsVCExtensions.swift */ = {isa = PBXFileReference; lastKnownFileType = sourcecode.swift; path = SettingsVCExtensions.swift; sourceTree = "<group>"; };
		04758C3C250A1E58004D9F55 /* ListVCExtensions.swift */ = {isa = PBXFileReference; lastKnownFileType = sourcecode.swift; path = ListVCExtensions.swift; sourceTree = "<group>"; };
		047880BE2503D540005BFFDA /* HeaderOfMainTableView.swift */ = {isa = PBXFileReference; lastKnownFileType = sourcecode.swift; path = HeaderOfMainTableView.swift; sourceTree = "<group>"; };
		047880C02503DDB6005BFFDA /* Model.swift */ = {isa = PBXFileReference; lastKnownFileType = sourcecode.swift; path = Model.swift; sourceTree = "<group>"; };
		047880C22503F2D4005BFFDA /* TimeManager.swift */ = {isa = PBXFileReference; lastKnownFileType = sourcecode.swift; path = TimeManager.swift; sourceTree = "<group>"; };
		04D9194A24FFD21F00394494 /* CyclicAlarm.app */ = {isa = PBXFileReference; explicitFileType = wrapper.application; includeInIndex = 0; path = CyclicAlarm.app; sourceTree = BUILT_PRODUCTS_DIR; };
		04D9194D24FFD21F00394494 /* AppDelegate.swift */ = {isa = PBXFileReference; lastKnownFileType = sourcecode.swift; path = AppDelegate.swift; sourceTree = "<group>"; };
		04D9195124FFD21F00394494 /* ListViewController.swift */ = {isa = PBXFileReference; lastKnownFileType = sourcecode.swift; path = ListViewController.swift; sourceTree = "<group>"; };
		04D9195424FFD21F00394494 /* Base */ = {isa = PBXFileReference; lastKnownFileType = file.storyboard; name = Base; path = Base.lproj/Main.storyboard; sourceTree = "<group>"; };
		04D9195624FFD22000394494 /* Assets.xcassets */ = {isa = PBXFileReference; lastKnownFileType = folder.assetcatalog; path = Assets.xcassets; sourceTree = "<group>"; };
		04D9195924FFD22000394494 /* Base */ = {isa = PBXFileReference; lastKnownFileType = file.storyboard; name = Base; path = Base.lproj/LaunchScreen.storyboard; sourceTree = "<group>"; };
		04D9195B24FFD22000394494 /* Info.plist */ = {isa = PBXFileReference; lastKnownFileType = text.plist.xml; path = Info.plist; sourceTree = "<group>"; };
		04D9196424FFD5C800394494 /* TableViewCell.swift */ = {isa = PBXFileReference; lastKnownFileType = sourcecode.swift; path = TableViewCell.swift; sourceTree = "<group>"; };
		04D9196624FFFBB700394494 /* SettingsViewController.swift */ = {isa = PBXFileReference; lastKnownFileType = sourcecode.swift; path = SettingsViewController.swift; sourceTree = "<group>"; };
		04D9196824FFFFC600394494 /* AlertController.swift */ = {isa = PBXFileReference; lastKnownFileType = sourcecode.swift; path = AlertController.swift; sourceTree = "<group>"; };
		04D9196A2500230200394494 /* SettingsTableViewCell.swift */ = {isa = PBXFileReference; lastKnownFileType = sourcecode.swift; path = SettingsTableViewCell.swift; sourceTree = "<group>"; };
		04F70DF125090BE100192E4F /* KeyboardObservable.swift */ = {isa = PBXFileReference; lastKnownFileType = sourcecode.swift; path = KeyboardObservable.swift; sourceTree = "<group>"; };
/* End PBXFileReference section */

/* Begin PBXFrameworksBuildPhase section */
		04D9194724FFD21F00394494 /* Frameworks */ = {
			isa = PBXFrameworksBuildPhase;
			buildActionMask = 2147483647;
			files = (
			);
			runOnlyForDeploymentPostprocessing = 0;
		};
/* End PBXFrameworksBuildPhase section */

/* Begin PBXGroup section */
		04758C38250A0917004D9F55 /* OldFiles */ = {
			isa = PBXGroup;
			children = (
				043FD444250187390013112D /* DaysStackView.swift */,
			);
			path = OldFiles;
			sourceTree = "<group>";
		};
		04758C39250A1DD7004D9F55 /* Extensions */ = {
			isa = PBXGroup;
			children = (
				04758C3C250A1E58004D9F55 /* ListVCExtensions.swift */,
				04758C3A250A1E15004D9F55 /* SettingsVCExtensions.swift */,
			);
			path = Extensions;
			sourceTree = "<group>";
		};
		047880BD25037025005BFFDA /* Model */ = {
			isa = PBXGroup;
			children = (
				047880C02503DDB6005BFFDA /* Model.swift */,
				047880C22503F2D4005BFFDA /* TimeManager.swift */,
			);
			path = Model;
			sourceTree = "<group>";
		};
		04D9194124FFD21F00394494 = {
			isa = PBXGroup;
			children = (
				04D9194C24FFD21F00394494 /* CyclicAlarm */,
				04D9194B24FFD21F00394494 /* Products */,
			);
			sourceTree = "<group>";
		};
		04D9194B24FFD21F00394494 /* Products */ = {
			isa = PBXGroup;
			children = (
				04D9194A24FFD21F00394494 /* CyclicAlarm.app */,
			);
			name = Products;
			sourceTree = "<group>";
		};
		04D9194C24FFD21F00394494 /* CyclicAlarm */ = {
			isa = PBXGroup;
			children = (
				04D9196324FFD28400394494 /* Controller */,
				04D9196224FFD27B00394494 /* View */,
				047880BD25037025005BFFDA /* Model */,
				04D9196124FFD25600394494 /* Support */,
			);
			path = CyclicAlarm;
			sourceTree = "<group>";
		};
		04D9196124FFD25600394494 /* Support */ = {
			isa = PBXGroup;
			children = (
				04758C38250A0917004D9F55 /* OldFiles */,
				04D9194D24FFD21F00394494 /* AppDelegate.swift */,
				04D9195B24FFD22000394494 /* Info.plist */,
				04D9195824FFD22000394494 /* LaunchScreen.storyboard */,
				04D9195624FFD22000394494 /* Assets.xcassets */,
			);
			path = Support;
			sourceTree = "<group>";
		};
		04D9196224FFD27B00394494 /* View */ = {
			isa = PBXGroup;
			children = (
				04D9195324FFD21F00394494 /* Main.storyboard */,
				04D9196424FFD5C800394494 /* TableViewCell.swift */,
				04D9196A2500230200394494 /* SettingsTableViewCell.swift */,
				04D9196824FFFFC600394494 /* AlertController.swift */,
				047880BE2503D540005BFFDA /* HeaderOfMainTableView.swift */,
				04F70DF125090BE100192E4F /* KeyboardObservable.swift */,
			);
			path = View;
			sourceTree = "<group>";
		};
		04D9196324FFD28400394494 /* Controller */ = {
			isa = PBXGroup;
			children = (
				04D9195124FFD21F00394494 /* ListViewController.swift */,
				04D9196624FFFBB700394494 /* SettingsViewController.swift */,
				04758C39250A1DD7004D9F55 /* Extensions */,
			);
			path = Controller;
			sourceTree = "<group>";
		};
/* End PBXGroup section */

/* Begin PBXNativeTarget section */
		04D9194924FFD21F00394494 /* CyclicAlarm */ = {
			isa = PBXNativeTarget;
			buildConfigurationList = 04D9195E24FFD22000394494 /* Build configuration list for PBXNativeTarget "CyclicAlarm" */;
			buildPhases = (
				04D9194624FFD21F00394494 /* Sources */,
				04D9194724FFD21F00394494 /* Frameworks */,
				04D9194824FFD21F00394494 /* Resources */,
			);
			buildRules = (
			);
			dependencies = (
			);
			name = CyclicAlarm;
			productName = CyclicAlarm;
			productReference = 04D9194A24FFD21F00394494 /* CyclicAlarm.app */;
			productType = "com.apple.product-type.application";
		};
/* End PBXNativeTarget section */

/* Begin PBXProject section */
		04D9194224FFD21F00394494 /* Project object */ = {
			isa = PBXProject;
			attributes = {
				LastSwiftUpdateCheck = 1160;
				LastUpgradeCheck = 1160;
				ORGANIZATIONNAME = Litmax;
				TargetAttributes = {
					04D9194924FFD21F00394494 = {
						CreatedOnToolsVersion = 11.6;
					};
				};
			};
			buildConfigurationList = 04D9194524FFD21F00394494 /* Build configuration list for PBXProject "CyclicAlarm" */;
			compatibilityVersion = "Xcode 9.3";
			developmentRegion = en;
			hasScannedForEncodings = 0;
			knownRegions = (
				en,
				Base,
			);
			mainGroup = 04D9194124FFD21F00394494;
			productRefGroup = 04D9194B24FFD21F00394494 /* Products */;
			projectDirPath = "";
			projectRoot = "";
			targets = (
				04D9194924FFD21F00394494 /* CyclicAlarm */,
			);
		};
/* End PBXProject section */

/* Begin PBXResourcesBuildPhase section */
		04D9194824FFD21F00394494 /* Resources */ = {
			isa = PBXResourcesBuildPhase;
			buildActionMask = 2147483647;
			files = (
				04D9195A24FFD22000394494 /* LaunchScreen.storyboard in Resources */,
				04D9195724FFD22000394494 /* Assets.xcassets in Resources */,
				04D9195524FFD21F00394494 /* Main.storyboard in Resources */,
			);
			runOnlyForDeploymentPostprocessing = 0;
		};
/* End PBXResourcesBuildPhase section */

/* Begin PBXSourcesBuildPhase section */
		04D9194624FFD21F00394494 /* Sources */ = {
			isa = PBXSourcesBuildPhase;
			buildActionMask = 2147483647;
			files = (
				04F70DF225090BE100192E4F /* KeyboardObservable.swift in Sources */,
				04758C3D250A1E58004D9F55 /* ListVCExtensions.swift in Sources */,
				047880C12503DDB6005BFFDA /* Model.swift in Sources */,
				04D9196524FFD5C800394494 /* TableViewCell.swift in Sources */,
				04D9196924FFFFC600394494 /* AlertController.swift in Sources */,
				04D9196B2500230200394494 /* SettingsTableViewCell.swift in Sources */,
				04D9195224FFD21F00394494 /* ListViewController.swift in Sources */,
				047880BF2503D540005BFFDA /* HeaderOfMainTableView.swift in Sources */,
				04D9194E24FFD21F00394494 /* AppDelegate.swift in Sources */,
				04D9196724FFFBB700394494 /* SettingsViewController.swift in Sources */,
				047880C32503F2D4005BFFDA /* TimeManager.swift in Sources */,
				04758C3B250A1E15004D9F55 /* SettingsVCExtensions.swift in Sources */,
				043FD445250187390013112D /* DaysStackView.swift in Sources */,
			);
			runOnlyForDeploymentPostprocessing = 0;
		};
/* End PBXSourcesBuildPhase section */

/* Begin PBXVariantGroup section */
		04D9195324FFD21F00394494 /* Main.storyboard */ = {
			isa = PBXVariantGroup;
			children = (
				04D9195424FFD21F00394494 /* Base */,
			);
			name = Main.storyboard;
			sourceTree = "<group>";
		};
		04D9195824FFD22000394494 /* LaunchScreen.storyboard */ = {
			isa = PBXVariantGroup;
			children = (
				04D9195924FFD22000394494 /* Base */,
			);
			name = LaunchScreen.storyboard;
			sourceTree = "<group>";
		};
/* End PBXVariantGroup section */

/* Begin XCBuildConfiguration section */
		04D9195C24FFD22000394494 /* Debug */ = {
			isa = XCBuildConfiguration;
			buildSettings = {
				ALWAYS_SEARCH_USER_PATHS = NO;
				CLANG_ANALYZER_NONNULL = YES;
				CLANG_ANALYZER_NUMBER_OBJECT_CONVERSION = YES_AGGRESSIVE;
				CLANG_CXX_LANGUAGE_STANDARD = "gnu++14";
				CLANG_CXX_LIBRARY = "libc++";
				CLANG_ENABLE_MODULES = YES;
				CLANG_ENABLE_OBJC_ARC = YES;
				CLANG_ENABLE_OBJC_WEAK = YES;
				CLANG_WARN_BLOCK_CAPTURE_AUTORELEASING = YES;
				CLANG_WARN_BOOL_CONVERSION = YES;
				CLANG_WARN_COMMA = YES;
				CLANG_WARN_CONSTANT_CONVERSION = YES;
				CLANG_WARN_DEPRECATED_OBJC_IMPLEMENTATIONS = YES;
				CLANG_WARN_DIRECT_OBJC_ISA_USAGE = YES_ERROR;
				CLANG_WARN_DOCUMENTATION_COMMENTS = YES;
				CLANG_WARN_EMPTY_BODY = YES;
				CLANG_WARN_ENUM_CONVERSION = YES;
				CLANG_WARN_INFINITE_RECURSION = YES;
				CLANG_WARN_INT_CONVERSION = YES;
				CLANG_WARN_NON_LITERAL_NULL_CONVERSION = YES;
				CLANG_WARN_OBJC_IMPLICIT_RETAIN_SELF = YES;
				CLANG_WARN_OBJC_LITERAL_CONVERSION = YES;
				CLANG_WARN_OBJC_ROOT_CLASS = YES_ERROR;
				CLANG_WARN_RANGE_LOOP_ANALYSIS = YES;
				CLANG_WARN_STRICT_PROTOTYPES = YES;
				CLANG_WARN_SUSPICIOUS_MOVE = YES;
				CLANG_WARN_UNGUARDED_AVAILABILITY = YES_AGGRESSIVE;
				CLANG_WARN_UNREACHABLE_CODE = YES;
				CLANG_WARN__DUPLICATE_METHOD_MATCH = YES;
				COPY_PHASE_STRIP = NO;
				DEBUG_INFORMATION_FORMAT = dwarf;
				ENABLE_STRICT_OBJC_MSGSEND = YES;
				ENABLE_TESTABILITY = YES;
				GCC_C_LANGUAGE_STANDARD = gnu11;
				GCC_DYNAMIC_NO_PIC = NO;
				GCC_NO_COMMON_BLOCKS = YES;
				GCC_OPTIMIZATION_LEVEL = 0;
				GCC_PREPROCESSOR_DEFINITIONS = (
					"DEBUG=1",
					"$(inherited)",
				);
				GCC_WARN_64_TO_32_BIT_CONVERSION = YES;
				GCC_WARN_ABOUT_RETURN_TYPE = YES_ERROR;
				GCC_WARN_UNDECLARED_SELECTOR = YES;
				GCC_WARN_UNINITIALIZED_AUTOS = YES_AGGRESSIVE;
				GCC_WARN_UNUSED_FUNCTION = YES;
				GCC_WARN_UNUSED_VARIABLE = YES;
				IPHONEOS_DEPLOYMENT_TARGET = 13.6;
				MTL_ENABLE_DEBUG_INFO = INCLUDE_SOURCE;
				MTL_FAST_MATH = YES;
				ONLY_ACTIVE_ARCH = YES;
				SDKROOT = iphoneos;
				SWIFT_ACTIVE_COMPILATION_CONDITIONS = DEBUG;
				SWIFT_OPTIMIZATION_LEVEL = "-Onone";
			};
			name = Debug;
		};
		04D9195D24FFD22000394494 /* Release */ = {
			isa = XCBuildConfiguration;
			buildSettings = {
				ALWAYS_SEARCH_USER_PATHS = NO;
				CLANG_ANALYZER_NONNULL = YES;
				CLANG_ANALYZER_NUMBER_OBJECT_CONVERSION = YES_AGGRESSIVE;
				CLANG_CXX_LANGUAGE_STANDARD = "gnu++14";
				CLANG_CXX_LIBRARY = "libc++";
				CLANG_ENABLE_MODULES = YES;
				CLANG_ENABLE_OBJC_ARC = YES;
				CLANG_ENABLE_OBJC_WEAK = YES;
				CLANG_WARN_BLOCK_CAPTURE_AUTORELEASING = YES;
				CLANG_WARN_BOOL_CONVERSION = YES;
				CLANG_WARN_COMMA = YES;
				CLANG_WARN_CONSTANT_CONVERSION = YES;
				CLANG_WARN_DEPRECATED_OBJC_IMPLEMENTATIONS = YES;
				CLANG_WARN_DIRECT_OBJC_ISA_USAGE = YES_ERROR;
				CLANG_WARN_DOCUMENTATION_COMMENTS = YES;
				CLANG_WARN_EMPTY_BODY = YES;
				CLANG_WARN_ENUM_CONVERSION = YES;
				CLANG_WARN_INFINITE_RECURSION = YES;
				CLANG_WARN_INT_CONVERSION = YES;
				CLANG_WARN_NON_LITERAL_NULL_CONVERSION = YES;
				CLANG_WARN_OBJC_IMPLICIT_RETAIN_SELF = YES;
				CLANG_WARN_OBJC_LITERAL_CONVERSION = YES;
				CLANG_WARN_OBJC_ROOT_CLASS = YES_ERROR;
				CLANG_WARN_RANGE_LOOP_ANALYSIS = YES;
				CLANG_WARN_STRICT_PROTOTYPES = YES;
				CLANG_WARN_SUSPICIOUS_MOVE = YES;
				CLANG_WARN_UNGUARDED_AVAILABILITY = YES_AGGRESSIVE;
				CLANG_WARN_UNREACHABLE_CODE = YES;
				CLANG_WARN__DUPLICATE_METHOD_MATCH = YES;
				COPY_PHASE_STRIP = NO;
				DEBUG_INFORMATION_FORMAT = "dwarf-with-dsym";
				ENABLE_NS_ASSERTIONS = NO;
				ENABLE_STRICT_OBJC_MSGSEND = YES;
				GCC_C_LANGUAGE_STANDARD = gnu11;
				GCC_NO_COMMON_BLOCKS = YES;
				GCC_WARN_64_TO_32_BIT_CONVERSION = YES;
				GCC_WARN_ABOUT_RETURN_TYPE = YES_ERROR;
				GCC_WARN_UNDECLARED_SELECTOR = YES;
				GCC_WARN_UNINITIALIZED_AUTOS = YES_AGGRESSIVE;
				GCC_WARN_UNUSED_FUNCTION = YES;
				GCC_WARN_UNUSED_VARIABLE = YES;
				IPHONEOS_DEPLOYMENT_TARGET = 13.6;
				MTL_ENABLE_DEBUG_INFO = NO;
				MTL_FAST_MATH = YES;
				SDKROOT = iphoneos;
				SWIFT_COMPILATION_MODE = wholemodule;
				SWIFT_OPTIMIZATION_LEVEL = "-O";
				VALIDATE_PRODUCT = YES;
			};
			name = Release;
		};
		04D9195F24FFD22000394494 /* Debug */ = {
			isa = XCBuildConfiguration;
			buildSettings = {
				ASSETCATALOG_COMPILER_APPICON_NAME = AppIcon;
				CODE_SIGN_STYLE = Automatic;
				DEVELOPMENT_TEAM = 8QU8WR3NHA;
				INFOPLIST_FILE = CyclicAlarm/Support/Info.plist;
				LD_RUNPATH_SEARCH_PATHS = (
					"$(inherited)",
					"@executable_path/Frameworks",
				);
				PRODUCT_BUNDLE_IDENTIFIER = Litmax.CyclicAlarm;
				PRODUCT_NAME = "$(TARGET_NAME)";
				SWIFT_VERSION = 5.0;
				TARGETED_DEVICE_FAMILY = "1,2";
			};
			name = Debug;
		};
		04D9196024FFD22000394494 /* Release */ = {
			isa = XCBuildConfiguration;
			buildSettings = {
				ASSETCATALOG_COMPILER_APPICON_NAME = AppIcon;
				CODE_SIGN_STYLE = Automatic;
				DEVELOPMENT_TEAM = 8QU8WR3NHA;
				INFOPLIST_FILE = CyclicAlarm/Support/Info.plist;
				LD_RUNPATH_SEARCH_PATHS = (
					"$(inherited)",
					"@executable_path/Frameworks",
				);
				PRODUCT_BUNDLE_IDENTIFIER = Litmax.CyclicAlarm;
				PRODUCT_NAME = "$(TARGET_NAME)";
				SWIFT_VERSION = 5.0;
				TARGETED_DEVICE_FAMILY = "1,2";
			};
			name = Release;
		};
/* End XCBuildConfiguration section */

/* Begin XCConfigurationList section */
		04D9194524FFD21F00394494 /* Build configuration list for PBXProject "CyclicAlarm" */ = {
			isa = XCConfigurationList;
			buildConfigurations = (
				04D9195C24FFD22000394494 /* Debug */,
				04D9195D24FFD22000394494 /* Release */,
			);
			defaultConfigurationIsVisible = 0;
			defaultConfigurationName = Release;
		};
		04D9195E24FFD22000394494 /* Build configuration list for PBXNativeTarget "CyclicAlarm" */ = {
			isa = XCConfigurationList;
			buildConfigurations = (
				04D9195F24FFD22000394494 /* Debug */,
				04D9196024FFD22000394494 /* Release */,
			);
			defaultConfigurationIsVisible = 0;
			defaultConfigurationName = Release;
		};
/* End XCConfigurationList section */
	};
	rootObject = 04D9194224FFD21F00394494 /* Project object */;
}
